
Microsoft Visual Studio Solution File, Format Version 12.00
Project("{FAE04EC0-301F-11D3-BF4B-00C04F79EFBC}") = "TodoConsoleApp", "TodoConsoleApp\TodoConsoleApp.csproj", "{10032982-3E13-4236-9D75-3023104C0760}"
EndProject
Project("{FAE04EC0-301F-11D3-BF4B-00C04F79EFBC}") = "TodoConsoleApp.Tests", "TodoConsoleApp.Tests\TodoConsoleApp.Tests.csproj", "{8CF330DA-7601-409F-88AD-7DFC22C35928}"
EndProject
Global
	GlobalSection(SolutionConfigurationPlatforms) = preSolution
		Debug|Any CPU = Debug|Any CPU
		Debug|x64 = Debug|x64
		Debug|x86 = Debug|x86
		Release|Any CPU = Release|Any CPU
		Release|x64 = Release|x64
		Release|x86 = Release|x86
	EndGlobalSection
	GlobalSection(ProjectConfigurationPlatforms) = postSolution
		{10032982-3E13-4236-9D75-3023104C0760}.Debug|Any CPU.ActiveCfg = Debug|Any CPU
		{10032982-3E13-4236-9D75-3023104C0760}.Debug|Any CPU.Build.0 = Debug|Any CPU
		{10032982-3E13-4236-9D75-3023104C0760}.Debug|x64.ActiveCfg = Debug|Any CPU
		{10032982-3E13-4236-9D75-3023104C0760}.Debug|x64.Build.0 = Debug|Any CPU
		{10032982-3E13-4236-9D75-3023104C0760}.Debug|x86.ActiveCfg = Debug|Any CPU
		{10032982-3E13-4236-9D75-3023104C0760}.Debug|x86.Build.0 = Debug|Any CPU
		{10032982-3E13-4236-9D75-3023104C0760}.Release|Any CPU.ActiveCfg = Release|Any CPU
		{10032982-3E13-4236-9D75-3023104C0760}.Release|Any CPU.Build.0 = Release|Any CPU
		{10032982-3E13-4236-9D75-3023104C0760}.Release|x64.ActiveCfg = Release|Any CPU
		{10032982-3E13-4236-9D75-3023104C0760}.Release|x64.Build.0 = Release|Any CPU
		{10032982-3E13-4236-9D75-3023104C0760}.Release|x86.ActiveCfg = Release|Any CPU
		{10032982-3E13-4236-9D75-3023104C0760}.Release|x86.Build.0 = Release|Any CPU
		{8CF330DA-7601-409F-88AD-7DFC22C35928}.Debug|Any CPU.ActiveCfg = Debug|Any CPU
		{8CF330DA-7601-409F-88AD-7DFC22C35928}.Debug|Any CPU.Build.0 = Debug|Any CPU
		{8CF330DA-7601-409F-88AD-7DFC22C35928}.Debug|x64.ActiveCfg = Debug|Any CPU
		{8CF330DA-7601-409F-88AD-7DFC22C35928}.Debug|x64.Build.0 = Debug|Any CPU
		{8CF330DA-7601-409F-88AD-7DFC22C35928}.Debug|x86.ActiveCfg = Debug|Any CPU
		{8CF330DA-7601-409F-88AD-7DFC22C35928}.Debug|x86.Build.0 = Debug|Any CPU
		{8CF330DA-7601-409F-88AD-7DFC22C35928}.Release|Any CPU.ActiveCfg = Release|Any CPU
		{8CF330DA-7601-409F-88AD-7DFC22C35928}.Release|Any CPU.Build.0 = Release|Any CPU
		{8CF330DA-7601-409F-88AD-7DFC22C35928}.Release|x64.ActiveCfg = Release|Any CPU
		{8CF330DA-7601-409F-88AD-7DFC22C35928}.Release|x64.Build.0 = Release|Any CPU
		{8CF330DA-7601-409F-88AD-7DFC22C35928}.Release|x86.ActiveCfg = Release|Any CPU
		{8CF330DA-7601-409F-88AD-7DFC22C35928}.Release|x86.Build.0 = Release|Any CPU
	EndGlobalSection
	GlobalSection(SolutionProperties) = preSolution
		HideSolutionNode = FALSE
	EndGlobalSection
EndGlobal
